{
  "nodes": {
    "nixpkgs": {
      "locked": {
        "lastModified": 1769740369,
        "narHash": "sha256-xKPyJoMoXfXpDM5DFDZDsi9PHArf2k5BJjvReYXoFpM=",
        "owner": "NixOS",
        "repo": "nixpkgs",
        "rev": "6308c3b21396534d8aaeac46179c14c439a89b8a",
        "type": "github"
      },
      "original": {
        "owner": "NixOS",
        "ref": "nixpkgs-unstable",
        "repo": "nixpkgs",
        "type": "github"
      }
    },
    "root": {
      "inputs": {
        "nixpkgs": "nixpkgs",
        "zmk-nix": "zmk-nix"
      }
    },
    "zmk-nix": {
      "inputs": {
        "nixpkgs": [
          "nixpkgs"
        ]
      },
      "locked": {
        "lastModified": 1769904900,
        "narHash": "sha256-adKspriekd0GGQceotdJsOT4UMV0fwo1AZmBdDLnB6o=",
        "owner": "lilyinstarlight",
        "repo": "zmk-nix",
        "rev": "c19ddd7b0aba007a7029d50852241a65ab8c4c62",
        "type": "github"
      },
      "original": {
        "owner": "lilyinstarlight",
        "repo": "zmk-nix",
        "type": "github"
      }
    }
  },
  "root": "root",
  "version": 7
}
